{
  "name": "personal-site",
  "version": "0.1.0",
  "lockfileVersion": 1,
  "requires": true,
  "dependencies": {
    "animated": {
      "version": "0.2.2",
      "resolved": "https://registry.npmjs.org/animated/-/animated-0.2.2.tgz",
      "integrity": "sha512-7pMzS0Sk2lA6/JT6he+apuy3GnDWUWVCurHMrpsbT9ugeLe80kpDQWjZQvkFiU9o7LsPGydPnoZpJsmt1HPPMA==",
      "requires": {
        "invariant": "2.2.4",
        "normalize-css-color": "1.0.2"
      }
    },
    "folktale": {
      "version": "2.3.1",
      "resolved": "https://registry.npmjs.org/folktale/-/folktale-2.3.1.tgz",
      "integrity": "sha512-x16IvpoFrLxOYbAC4G/ban4eWOGoREcrfaVSiTsDknrRYHMe+W4XUekCYA6w4YyjQpcL8nsNt4A5EUUKjFSpRg=="
    },
    "immutable": {
      "version": "4.0.0-rc.12",
      "resolved": "https://registry.npmjs.org/immutable/-/immutable-4.0.0-rc.12.tgz",
      "integrity": "sha512-0M2XxkZLx/mi3t8NVwIm1g8nHoEmM9p9UBl/G9k4+hm0kBgOVdMV/B3CY5dQ8qG8qc80NN4gDV4HQv6FTJ5q7A=="
    },
    "invariant": {
      "version": "2.2.4",
      "resolved": "https://registry.npmjs.org/invariant/-/invariant-2.2.4.tgz",
      "integrity": "sha512-phJfQVBuaJM5raOpJjSfkiD6BpbCE4Ns//LaXl6wGYtUBY83nWS6Rf9tXm2e8VaK60JEjYldbPif/A2B1C2gNA==",
      "requires": {
        "loose-envify": "1.4.0"
      }
    },
    "js-tokens": {
      "version": "4.0.0",
      "resolved": "https://registry.npmjs.org/js-tokens/-/js-tokens-4.0.0.tgz",
      "integrity": "sha512-RdJUflcE3cUzKiMqQgsCu06FPu9UdIJO0beYbPhHN4k6apgJtifcoCtT9bcxOpYBtpD2kCM6Sbzg4CausW/PKQ=="
    },
    "lodash": {
      "version": "4.17.11",
      "resolved": "https://registry.npmjs.org/lodash/-/lodash-4.17.11.tgz",
      "integrity": "sha512-cQKh8igo5QUhZ7lg38DYWAxMvjSAKG0A8wGSVimP07SIUEK2UO+arSRKbRZWtelMtN5V0Hkwh5ryOto/SshYIg=="
    },
    "loose-envify": {
      "version": "1.4.0",
      "resolved": "https://registry.npmjs.org/loose-envify/-/loose-envify-1.4.0.tgz",
      "integrity": "sha512-lyuxPGr/Wfhrlem2CL/UcnUc1zcqKAImBDzukY7Y5F/yQiNdko6+fRLevlw1HgMySw7f611UIY408EtxRSoK3Q==",
      "requires": {
        "js-tokens": "4.0.0"
      }
    },
    "normalize-css-color": {
      "version": "1.0.2",
      "resolved": "https://registry.npmjs.org/normalize-css-color/-/normalize-css-color-1.0.2.tgz",
      "integrity": "sha1-Apkel8zOxmI/5XOvu/Deah8+n40="
    },
    "ramda": {
      "version": "0.26.1",
      "resolved": "https://registry.npmjs.org/ramda/-/ramda-0.26.1.tgz",
      "integrity": "sha512-hLWjpy7EnsDBb0p+Z3B7rPi3GDeRG5ZtiI33kJhTt+ORCd38AbAIjB/9zRIUoeTbE/AVX5ZkU7m6bznsvrf8eQ=="
    },
    "react-springy-parallax": {
      "version": "1.3.0",
      "resolved": "https://registry.npmjs.org/react-springy-parallax/-/react-springy-parallax-1.3.0.tgz",
      "integrity": "sha512-kQeEao3zOnTr4nWYP9ipPC3RyJjVGp0hI1m69G3ZLJpHmJDHBtCzlvrNn/7KfwQgmtIG8P39Qds4p8G5sgO3IA==",
      "requires": {
        "animated": "0.2.2"
      }
    }
  }
}
